
Microsoft Visual Studio Solution File, Format Version 12.00
# Visual Studio Version 16
VisualStudioVersion = 16.0.29709.97
MinimumVisualStudioVersion = 10.0.40219.1
Project("{9A19103F-16F7-4668-BE54-9A1E7A4F7556}") = "NknSdk", "NknSdk\NknSdk.csproj", "{81B69091-9BAA-4C2C-87F7-8CFA9D3644A3}"
EndProject
Project("{9A19103F-16F7-4668-BE54-9A1E7A4F7556}") = "Ncp", "Ncp\Ncp.csproj", "{1748FA9E-02B2-444F-932C-BE50897ACD5A}"
EndProject
Project("{9A19103F-16F7-4668-BE54-9A1E7A4F7556}") = "NknSdk.Tests", "NknSdk.Tests\NknSdk.Tests.csproj", "{54AFF271-3B41-44F0-99AA-5F673B2C1AD9}"
EndProject
Global
	GlobalSection(SolutionConfigurationPlatforms) = preSolution
		Debug|Any CPU = Debug|Any CPU
		Release|Any CPU = Release|Any CPU
	EndGlobalSection
	GlobalSection(ProjectConfigurationPlatforms) = postSolution
		{81B69091-9BAA-4C2C-87F7-8CFA9D3644A3}.Debug|Any CPU.ActiveCfg = Debug|Any CPU
		{81B69091-9BAA-4C2C-87F7-8CFA9D3644A3}.Debug|Any CPU.Build.0 = Debug|Any CPU
		{81B69091-9BAA-4C2C-87F7-8CFA9D3644A3}.Release|Any CPU.ActiveCfg = Release|Any CPU
		{81B69091-9BAA-4C2C-87F7-8CFA9D3644A3}.Release|Any CPU.Build.0 = Release|Any CPU
		{1748FA9E-02B2-444F-932C-BE50897ACD5A}.Debug|Any CPU.ActiveCfg = Debug|Any CPU
		{1748FA9E-02B2-444F-932C-BE50897ACD5A}.Debug|Any CPU.Build.0 = Debug|Any CPU
		{1748FA9E-02B2-444F-932C-BE50897ACD5A}.Release|Any CPU.ActiveCfg = Release|Any CPU
		{1748FA9E-02B2-444F-932C-BE50897ACD5A}.Release|Any CPU.Build.0 = Release|Any CPU
		{54AFF271-3B41-44F0-99AA-5F673B2C1AD9}.Debug|Any CPU.ActiveCfg = Debug|Any CPU
		{54AFF271-3B41-44F0-99AA-5F673B2C1AD9}.Debug|Any CPU.Build.0 = Debug|Any CPU
		{54AFF271-3B41-44F0-99AA-5F673B2C1AD9}.Release|Any CPU.ActiveCfg = Release|Any CPU
		{54AFF271-3B41-44F0-99AA-5F673B2C1AD9}.Release|Any CPU.Build.0 = Release|Any CPU
	EndGlobalSection
	GlobalSection(SolutionProperties) = preSolution
		HideSolutionNode = FALSE
	EndGlobalSection
	GlobalSection(ExtensibilityGlobals) = postSolution
		SolutionGuid = {C6D50421-020C-42AA-8E0D-85AFE4DE1704}
	EndGlobalSection
EndGlobal
